{
  "name": "projetScarlet",
  "lockfileVersion": 3,
  "requires": true,
  "packages": {
    "": {
      "dependencies": {
        "melonjs": "^15.4.1"
      }
    },
    "node_modules/@teppeis/multimaps": {
      "version": "3.0.0",
      "resolved": "https://registry.npmjs.org/@teppeis/multimaps/-/multimaps-3.0.0.tgz",
      "integrity": "sha512-ID7fosbc50TbT0MK0EG12O+gAP3W3Aa/Pz4DaTtQtEvlc9Odaqi0de+xuZ7Li2GtK4HzEX7IuRWS/JmZLksR3Q==",
      "engines": {
        "node": ">=14"
      }
    },
    "node_modules/core-js": {
      "version": "3.31.0",
      "resolved": "https://registry.npmjs.org/core-js/-/core-js-3.31.0.tgz",
      "integrity": "sha512-NIp2TQSGfR6ba5aalZD+ZQ1fSxGhDo/s1w0nx3RYzf2pnJxt7YynxFlFScP6eV7+GZsKO95NSjGxyJsU3DZgeQ==",
      "hasInstallScript": true,
      "funding": {
        "type": "opencollective",
        "url": "https://opencollective.com/core-js"
      }
    },
    "node_modules/earcut": {
      "version": "2.2.4",
      "resolved": "https://registry.npmjs.org/earcut/-/earcut-2.2.4.tgz",
      "integrity": "sha512-/pjZsA1b4RPHbeWZQn66SWS8nZZWLQQ23oE3Eam7aroEFGEvwKAsJfZ9ytiEMycfzXWpca4FA9QIOehf7PocBQ=="
    },
    "node_modules/eventemitter3": {
      "version": "5.0.1",
      "resolved": "https://registry.npmjs.org/eventemitter3/-/eventemitter3-5.0.1.tgz",
      "integrity": "sha512-GWkBvjiSZK87ELrYOSESUYeVIc9mvLLf/nXalMOS5dYrgZq9o5OVkbZAVM06CVxYsCwH9BDZFPlQTlPA1j4ahA=="
    },
    "node_modules/howler": {
      "version": "2.2.3",
      "resolved": "https://registry.npmjs.org/howler/-/howler-2.2.3.tgz",
      "integrity": "sha512-QM0FFkw0LRX1PR8pNzJVAY25JhIWvbKMBFM4gqk+QdV+kPXOhleWGCB6AiAF/goGjIHK2e/nIElplvjQwhr0jg=="
    },
    "node_modules/melonjs": {
      "version": "15.4.1",
      "resolved": "https://registry.npmjs.org/melonjs/-/melonjs-15.4.1.tgz",
      "integrity": "sha512-t4ER9XCGHQnna/bf+jwh+1ze6yZlT6O+uzSrJyATkLUnWzDOWGYAk0H1/BMqlr+M33Gp0jkoKsPXqwd8qwMG5Q==",
      "dependencies": {
        "@teppeis/multimaps": "^3.0.0",
        "core-js": "^3.31.0",
        "earcut": "2.2.4",
        "eventemitter3": "^5.0.1",
        "howler": "2.2.3"
      },
      "engines": {
        "node": ">= 19"
      },
      "funding": {
        "url": "https://github.com/sponsors/melonjs"
      }
    }
  }
}
